
Microsoft Visual Studio Solution File, Format Version 12.00
# Visual Studio 14
VisualStudioVersion = 14.0.25123.0
MinimumVisualStudioVersion = 10.0.40219.1
Project("{2150E333-8FDC-42A3-9474-1A3956D46DE8}") = "src", "src", "{8E79F4C8-0DC4-44F8-93C1-F3B7D1A497FC}"
EndProject
Project("{2150E333-8FDC-42A3-9474-1A3956D46DE8}") = "Solution Items", "Solution Items", "{EA80ED36-4B11-46E2-8966-02837B1642CC}"
	ProjectSection(SolutionItems) = preProject
		global.json = global.json
	EndProjectSection
EndProject
Project("{8BB2217D-0F2D-49D1-97BC-3654ED321F3B}") = "Yanyitec", "src\Yanyitec\Yanyitec.xproj", "{DFC3D6D5-567B-49CC-B262-816D176BDCC4}"
EndProject
Project("{8BB2217D-0F2D-49D1-97BC-3654ED321F3B}") = "Yanyitec.Unitest", "src\Yanyitec.Unitest\Yanyitec.Unitest.xproj", "{1AD935E3-34B2-4BB1-9984-37FCFEA77DCD}"
EndProject
Project("{FAE04EC0-301F-11D3-BF4B-00C04F79EFBC}") = "Yanyitec.Platforms.Dotnet", "src\Yanyitec.Platforms.Dotnet\Yanyitec.Platforms.Dotnet.csproj", "{1AA68408-A3BC-4F21-9D9C-191A6AABDD6F}"
EndProject
Project("{FAE04EC0-301F-11D3-BF4B-00C04F79EFBC}") = "yijs", "yijs\yijs.csproj", "{60464A1C-72D1-4415-863C-0FA9E13BF72B}"
EndProject
Global
	GlobalSection(SolutionConfigurationPlatforms) = preSolution
		Debug|Any CPU = Debug|Any CPU
		Release|Any CPU = Release|Any CPU
	EndGlobalSection
	GlobalSection(ProjectConfigurationPlatforms) = postSolution
		{DFC3D6D5-567B-49CC-B262-816D176BDCC4}.Debug|Any CPU.ActiveCfg = Debug|Any CPU
		{DFC3D6D5-567B-49CC-B262-816D176BDCC4}.Debug|Any CPU.Build.0 = Debug|Any CPU
		{DFC3D6D5-567B-49CC-B262-816D176BDCC4}.Release|Any CPU.ActiveCfg = Release|Any CPU
		{DFC3D6D5-567B-49CC-B262-816D176BDCC4}.Release|Any CPU.Build.0 = Release|Any CPU
		{1AD935E3-34B2-4BB1-9984-37FCFEA77DCD}.Debug|Any CPU.ActiveCfg = Debug|Any CPU
		{1AD935E3-34B2-4BB1-9984-37FCFEA77DCD}.Debug|Any CPU.Build.0 = Debug|Any CPU
		{1AD935E3-34B2-4BB1-9984-37FCFEA77DCD}.Release|Any CPU.ActiveCfg = Release|Any CPU
		{1AD935E3-34B2-4BB1-9984-37FCFEA77DCD}.Release|Any CPU.Build.0 = Release|Any CPU
		{1AA68408-A3BC-4F21-9D9C-191A6AABDD6F}.Debug|Any CPU.ActiveCfg = Debug|Any CPU
		{1AA68408-A3BC-4F21-9D9C-191A6AABDD6F}.Debug|Any CPU.Build.0 = Debug|Any CPU
		{1AA68408-A3BC-4F21-9D9C-191A6AABDD6F}.Release|Any CPU.ActiveCfg = Release|Any CPU
		{1AA68408-A3BC-4F21-9D9C-191A6AABDD6F}.Release|Any CPU.Build.0 = Release|Any CPU
		{60464A1C-72D1-4415-863C-0FA9E13BF72B}.Debug|Any CPU.ActiveCfg = Debug|Any CPU
		{60464A1C-72D1-4415-863C-0FA9E13BF72B}.Debug|Any CPU.Build.0 = Debug|Any CPU
		{60464A1C-72D1-4415-863C-0FA9E13BF72B}.Release|Any CPU.ActiveCfg = Release|Any CPU
		{60464A1C-72D1-4415-863C-0FA9E13BF72B}.Release|Any CPU.Build.0 = Release|Any CPU
	EndGlobalSection
	GlobalSection(SolutionProperties) = preSolution
		HideSolutionNode = FALSE
	EndGlobalSection
	GlobalSection(NestedProjects) = preSolution
		{DFC3D6D5-567B-49CC-B262-816D176BDCC4} = {8E79F4C8-0DC4-44F8-93C1-F3B7D1A497FC}
		{1AD935E3-34B2-4BB1-9984-37FCFEA77DCD} = {8E79F4C8-0DC4-44F8-93C1-F3B7D1A497FC}
		{1AA68408-A3BC-4F21-9D9C-191A6AABDD6F} = {8E79F4C8-0DC4-44F8-93C1-F3B7D1A497FC}
	EndGlobalSection
EndGlobal
